
Microsoft Visual Studio Solution File, Format Version 12.00
# Visual Studio 14
VisualStudioVersion = 14.0.23107.0
MinimumVisualStudioVersion = 10.0.40219.1
Project("{2150E333-8FDC-42A3-9474-1A3956D46DE8}") = "codeanalysis", "codeanalysis", "{168AD0F5-2B65-47A7-B4A9-CBAFAD5340D4}"
	ProjectSection(SolutionItems) = preProject
		panoptic.ruleset = panoptic.ruleset
	EndProjectSection
EndProject
Project("{2150E333-8FDC-42A3-9474-1A3956D46DE8}") = "build", "build", "{54903D03-1979-4593-89A7-D79A1DD591BE}"
	ProjectSection(SolutionItems) = preProject
		..\nuget.config = ..\nuget.config
		..\packages.config = ..\packages.config
		..\panoptic.msbuild = ..\panoptic.msbuild
		..\settings.props = ..\settings.props
	EndProjectSection
EndProject
Project("{2150E333-8FDC-42A3-9474-1A3956D46DE8}") = "project", "project", "{76F37BCD-CA6C-4A89-927E-A837A8B34FAC}"
	ProjectSection(SolutionItems) = preProject
		..\LICENSE = ..\LICENSE
		..\README.md = ..\README.md
	EndProjectSection
EndProject
Project("{FAE04EC0-301F-11D3-BF4B-00C04F79EFBC}") = "Panoptic.Web.Server", "Panoptic.Web.Server\Panoptic.Web.Server.csproj", "{7863C21B-E456-456F-B45E-0C930930C882}"
EndProject
Project("{FAE04EC0-301F-11D3-BF4B-00C04F79EFBC}") = "Test.Unit.Panoptic.Web.Server", "Test.Unit.Panoptic.Web.Server\Test.Unit.Panoptic.Web.Server.csproj", "{35F2821E-6C29-496A-8C0C-9B90C5221773}"
EndProject
Project("{FAE04EC0-301F-11D3-BF4B-00C04F79EFBC}") = "Panoptic.Web.Server.Common", "Panoptic.Web.Server.Common\Panoptic.Web.Server.Common.csproj", "{769E88ED-157D-4473-81C6-7206313825AF}"
EndProject
Global
	GlobalSection(SolutionConfigurationPlatforms) = preSolution
		Debug|Any CPU = Debug|Any CPU
		Release|Any CPU = Release|Any CPU
	EndGlobalSection
	GlobalSection(ProjectConfigurationPlatforms) = postSolution
		{7863C21B-E456-456F-B45E-0C930930C882}.Debug|Any CPU.ActiveCfg = Debug|Any CPU
		{7863C21B-E456-456F-B45E-0C930930C882}.Debug|Any CPU.Build.0 = Debug|Any CPU
		{7863C21B-E456-456F-B45E-0C930930C882}.Release|Any CPU.ActiveCfg = Release|Any CPU
		{7863C21B-E456-456F-B45E-0C930930C882}.Release|Any CPU.Build.0 = Release|Any CPU
		{35F2821E-6C29-496A-8C0C-9B90C5221773}.Debug|Any CPU.ActiveCfg = Debug|Any CPU
		{35F2821E-6C29-496A-8C0C-9B90C5221773}.Debug|Any CPU.Build.0 = Debug|Any CPU
		{35F2821E-6C29-496A-8C0C-9B90C5221773}.Release|Any CPU.ActiveCfg = Release|Any CPU
		{35F2821E-6C29-496A-8C0C-9B90C5221773}.Release|Any CPU.Build.0 = Release|Any CPU
		{769E88ED-157D-4473-81C6-7206313825AF}.Debug|Any CPU.ActiveCfg = Debug|Any CPU
		{769E88ED-157D-4473-81C6-7206313825AF}.Debug|Any CPU.Build.0 = Debug|Any CPU
		{769E88ED-157D-4473-81C6-7206313825AF}.Release|Any CPU.ActiveCfg = Release|Any CPU
		{769E88ED-157D-4473-81C6-7206313825AF}.Release|Any CPU.Build.0 = Release|Any CPU
	EndGlobalSection
	GlobalSection(SolutionProperties) = preSolution
		HideSolutionNode = FALSE
	EndGlobalSection
EndGlobal
